
Microsoft Visual Studio Solution File, Format Version 12.00
# Visual Studio Version 17
VisualStudioVersion = 17.3.32901.215
MinimumVisualStudioVersion = 10.0.40219.1
Project("{FAE04EC0-301F-11D3-BF4B-00C04F79EFBC}") = "WpfApp4", "WpfApp4.csproj", "{769A2D7B-4F55-4DE0-B63D-F1CDAC6271EE}"
EndProject
Global
	GlobalSection(SolutionConfigurationPlatforms) = preSolution
		Debug|Any CPU = Debug|Any CPU
		Release|Any CPU = Release|Any CPU
	EndGlobalSection
	GlobalSection(ProjectConfigurationPlatforms) = postSolution
		{769A2D7B-4F55-4DE0-B63D-F1CDAC6271EE}.Debug|Any CPU.ActiveCfg = Debug|Any CPU
		{769A2D7B-4F55-4DE0-B63D-F1CDAC6271EE}.Debug|Any CPU.Build.0 = Debug|Any CPU
		{769A2D7B-4F55-4DE0-B63D-F1CDAC6271EE}.Release|Any CPU.ActiveCfg = Release|Any CPU
		{769A2D7B-4F55-4DE0-B63D-F1CDAC6271EE}.Release|Any CPU.Build.0 = Release|Any CPU
	EndGlobalSection
	GlobalSection(SolutionProperties) = preSolution
		HideSolutionNode = FALSE
	EndGlobalSection
	GlobalSection(ExtensibilityGlobals) = postSolution
		SolutionGuid = {E92EDD91-8EEF-4A73-865C-BA5A553CB1F4}
	EndGlobalSection
EndGlobal
